
Microsoft Visual Studio Solution File, Format Version 12.00
# Visual Studio 2013
VisualStudioVersion = 12.0.21005.1
MinimumVisualStudioVersion = 10.0.40219.1
Project("{D2ABAB84-BF74-430A-B69E-9DC6D40DDA17}") = "Buluc 216576 Analisis", "Buluc 216576 Analisis\Buluc 216576 Analisis.dwproj", "{D37B6D11-EB0B-47BA-BE2E-B3FEDC8CD1D7}"
EndProject
Global
	GlobalSection(SolutionConfigurationPlatforms) = preSolution
		Development|Default = Development|Default
	EndGlobalSection
	GlobalSection(ProjectConfigurationPlatforms) = postSolution
		{D37B6D11-EB0B-47BA-BE2E-B3FEDC8CD1D7}.Development|Default.ActiveCfg = Development
		{D37B6D11-EB0B-47BA-BE2E-B3FEDC8CD1D7}.Development|Default.Build.0 = Development
		{D37B6D11-EB0B-47BA-BE2E-B3FEDC8CD1D7}.Development|Default.Deploy.0 = Development
	EndGlobalSection
	GlobalSection(SolutionProperties) = preSolution
		HideSolutionNode = FALSE
	EndGlobalSection
EndGlobal
